{
  "name": "pin-unloacker",
  "version": "1.0.0",
  "lockfileVersion": 2,
  "requires": true,
  "packages": {
    "": {
      "name": "pin-unloacker",
      "version": "1.0.0",
      "license": "ISC",
      "dependencies": {
        "matches-subimage": "^1.0.1",
        "pngjs": "^6.0.0"
      }
    },
    "node_modules/matches-subimage": {
      "version": "1.0.1",
      "resolved": "https://registry.npmjs.org/matches-subimage/-/matches-subimage-1.0.1.tgz",
      "integrity": "sha512-Ae+7tCPkahWM87WUQ6H5cvdQnOyHSCwEvQmo7Ii71o3uwwnM23BKZHTZwLCbuf0vJVc/K/QXzZslC3d3rbsn1g=="
    },
    "node_modules/pngjs": {
      "version": "6.0.0",
      "resolved": "https://registry.npmjs.org/pngjs/-/pngjs-6.0.0.tgz",
      "integrity": "sha512-TRzzuFRRmEoSW/p1KVAmiOgPco2Irlah+bGFCeNfJXxxYGwSw7YwAOAcd7X28K/m5bjBWKsC29KyoMfHbypayg==",
      "engines": {
        "node": ">=12.13.0"
      }
    }
  },
  "dependencies": {
    "matches-subimage": {
      "version": "1.0.1",
      "resolved": "https://registry.npmjs.org/matches-subimage/-/matches-subimage-1.0.1.tgz",
      "integrity": "sha512-Ae+7tCPkahWM87WUQ6H5cvdQnOyHSCwEvQmo7Ii71o3uwwnM23BKZHTZwLCbuf0vJVc/K/QXzZslC3d3rbsn1g=="
    },
    "pngjs": {
      "version": "6.0.0",
      "resolved": "https://registry.npmjs.org/pngjs/-/pngjs-6.0.0.tgz",
      "integrity": "sha512-TRzzuFRRmEoSW/p1KVAmiOgPco2Irlah+bGFCeNfJXxxYGwSw7YwAOAcd7X28K/m5bjBWKsC29KyoMfHbypayg=="
    }
  }
}
